Microsoft Visual Studio Solution File, Format Version 12.00
# Visual Studio Version 17
VisualStudioVersion = 17.5.2.0
MinimumVisualStudioVersion = 10.0.40219.1
Project("{2150E333-8FDC-42A3-9474-1A3956D46DE8}") = "cSharp", "cSharp", "{B41BF331-FCCB-2ADF-CDB6-767964B34647}"
EndProject
Project("{FAE04EC0-301F-11D3-BF4B-00C04F79EFBC}") = "CarPlateVinScraper", "cSharp\CarPlateVinScraper.csproj", "{1766A579-A382-5F67-DF7D-DCC26D7767E3}"
EndProject
Global
	GlobalSection(SolutionConfigurationPlatforms) = preSolution
		Debug|Any CPU = Debug|Any CPU
		Release|Any CPU = Release|Any CPU
	EndGlobalSection
	GlobalSection(ProjectConfigurationPlatforms) = postSolution
		{1766A579-A382-5F67-DF7D-DCC26D7767E3}.Debug|Any CPU.ActiveCfg = Debug|Any CPU
		{1766A579-A382-5F67-DF7D-DCC26D7767E3}.Debug|Any CPU.Build.0 = Debug|Any CPU
		{1766A579-A382-5F67-DF7D-DCC26D7767E3}.Release|Any CPU.ActiveCfg = Release|Any CPU
		{1766A579-A382-5F67-DF7D-DCC26D7767E3}.Release|Any CPU.Build.0 = Release|Any CPU
	EndGlobalSection
	GlobalSection(SolutionProperties) = preSolution
		HideSolutionNode = FALSE
	EndGlobalSection
	GlobalSection(NestedProjects) = preSolution
		{1766A579-A382-5F67-DF7D-DCC26D7767E3} = {B41BF331-FCCB-2ADF-CDB6-767964B34647}
	EndGlobalSection
	GlobalSection(ExtensibilityGlobals) = postSolution
		SolutionGuid = {FA026C16-C927-4C0E-BF12-9A60352008B6}
	EndGlobalSection
EndGlobal
